
Microsoft Visual Studio Solution File, Format Version 12.00
# Visual Studio 15
VisualStudioVersion = 15.0.27130.2036
MinimumVisualStudioVersion = 10.0.40219.1
Project("{FAE04EC0-301F-11D3-BF4B-00C04F79EFBC}") = "InactivityPOC", "InactivityPOC\InactivityPOC.csproj", "{DF156BAD-AE24-4313-A8B6-1C42CB8BE6A8}"
EndProject
Project("{FAE04EC0-301F-11D3-BF4B-00C04F79EFBC}") = "CUDC.Windows.InactivityMonitor", "CUDC.Windows.InactivityMonitor\CUDC.Windows.InactivityMonitor.csproj", "{61F6D686-BCB0-4E22-924A-80E297E37776}"
EndProject
Project("{FAE04EC0-301F-11D3-BF4B-00C04F79EFBC}") = "CUDC.Windows.InactivityMonitor.WPF", "CUDC.Windows.InactivityMonitor.WPF\CUDC.Windows.InactivityMonitor.WPF.csproj", "{339DDA5F-D80B-4F9B-85C1-9725A9467B19}"
EndProject
Global
	GlobalSection(SolutionConfigurationPlatforms) = preSolution
		Debug|Any CPU = Debug|Any CPU
		Release|Any CPU = Release|Any CPU
	EndGlobalSection
	GlobalSection(ProjectConfigurationPlatforms) = postSolution
		{DF156BAD-AE24-4313-A8B6-1C42CB8BE6A8}.Debug|Any CPU.ActiveCfg = Debug|Any CPU
		{DF156BAD-AE24-4313-A8B6-1C42CB8BE6A8}.Debug|Any CPU.Build.0 = Debug|Any CPU
		{DF156BAD-AE24-4313-A8B6-1C42CB8BE6A8}.Release|Any CPU.ActiveCfg = Release|Any CPU
		{DF156BAD-AE24-4313-A8B6-1C42CB8BE6A8}.Release|Any CPU.Build.0 = Release|Any CPU
		{61F6D686-BCB0-4E22-924A-80E297E37776}.Debug|Any CPU.ActiveCfg = Debug|Any CPU
		{61F6D686-BCB0-4E22-924A-80E297E37776}.Debug|Any CPU.Build.0 = Debug|Any CPU
		{61F6D686-BCB0-4E22-924A-80E297E37776}.Release|Any CPU.ActiveCfg = Release|Any CPU
		{61F6D686-BCB0-4E22-924A-80E297E37776}.Release|Any CPU.Build.0 = Release|Any CPU
		{339DDA5F-D80B-4F9B-85C1-9725A9467B19}.Debug|Any CPU.ActiveCfg = Debug|Any CPU
		{339DDA5F-D80B-4F9B-85C1-9725A9467B19}.Debug|Any CPU.Build.0 = Debug|Any CPU
		{339DDA5F-D80B-4F9B-85C1-9725A9467B19}.Release|Any CPU.ActiveCfg = Release|Any CPU
		{339DDA5F-D80B-4F9B-85C1-9725A9467B19}.Release|Any CPU.Build.0 = Release|Any CPU
	EndGlobalSection
	GlobalSection(SolutionProperties) = preSolution
		HideSolutionNode = FALSE
	EndGlobalSection
	GlobalSection(ExtensibilityGlobals) = postSolution
		SolutionGuid = {A0EF3AB2-CE1C-4BE2-93E3-4FE1C6EF88BC}
	EndGlobalSection
EndGlobal
